// !$*UTF8*$!
{
	archiveVersion = 1;
	classes = {
	};
	objectVersion = 46;
	objects = {

/* Begin PBXBuildFile section */
		142C6FD31DF205F100C5D269 /* AppDelegate.swift in Sources */ = {isa = PBXBuildFile; fileRef = 142C6FD21DF205F100C5D269 /* AppDelegate.swift */; };
		142C6FD51DF205F100C5D269 /* RaceQueueViewController.swift in Sources */ = {isa = PBXBuildFile; fileRef = 142C6FD41DF205F100C5D269 /* RaceQueueViewController.swift */; };
		142C6FD81DF205F100C5D269 /* Main.storyboard in Resources */ = {isa = PBXBuildFile; fileRef = 142C6FD61DF205F100C5D269 /* Main.storyboard */; };
		142C6FDA1DF205F100C5D269 /* Assets.xcassets in Resources */ = {isa = PBXBuildFile; fileRef = 142C6FD91DF205F100C5D269 /* Assets.xcassets */; };
		142C6FDD1DF205F100C5D269 /* LaunchScreen.storyboard in Resources */ = {isa = PBXBuildFile; fileRef = 142C6FDB1DF205F100C5D269 /* LaunchScreen.storyboard */; };
		143C84E11DF20DF8004285E2 /* RaceDetailViewController.swift in Sources */ = {isa = PBXBuildFile; fileRef = 143C84E01DF20DF8004285E2 /* RaceDetailViewController.swift */; };
		143C84E31DF22CD2004285E2 /* RacerProfileViewController.swift in Sources */ = {isa = PBXBuildFile; fileRef = 143C84E21DF22CD2004285E2 /* RacerProfileViewController.swift */; };
		143C84E51DF230DE004285E2 /* NetworkController.swift in Sources */ = {isa = PBXBuildFile; fileRef = 143C84E41DF230DE004285E2 /* NetworkController.swift */; };
		143C84EC1DF23359004285E2 /* Racer.swift in Sources */ = {isa = PBXBuildFile; fileRef = 143C84EB1DF23359004285E2 /* Racer.swift */; };
		143C84F01DF2338C004285E2 /* Race.swift in Sources */ = {isa = PBXBuildFile; fileRef = 143C84EF1DF2338C004285E2 /* Race.swift */; };
/* End PBXBuildFile section */

/* Begin PBXFileReference section */
		142C6FCF1DF205F100C5D269 /* RRP Race Queue.app */ = {isa = PBXFileReference; explicitFileType = wrapper.application; includeInIndex = 0; path = "RRP Race Queue.app"; sourceTree = BUILT_PRODUCTS_DIR; };
		142C6FD21DF205F100C5D269 /* AppDelegate.swift */ = {isa = PBXFileReference; lastKnownFileType = sourcecode.swift; path = AppDelegate.swift; sourceTree = "<group>"; };
		142C6FD41DF205F100C5D269 /* RaceQueueViewController.swift */ = {isa = PBXFileReference; lastKnownFileType = sourcecode.swift; path = RaceQueueViewController.swift; sourceTree = "<group>"; };
		142C6FD71DF205F100C5D269 /* Base */ = {isa = PBXFileReference; lastKnownFileType = file.storyboard; name = Base; path = Base.lproj/Main.storyboard; sourceTree = "<group>"; };
		142C6FD91DF205F100C5D269 /* Assets.xcassets */ = {isa = PBXFileReference; lastKnownFileType = folder.assetcatalog; path = Assets.xcassets; sourceTree = "<group>"; };
		142C6FDC1DF205F100C5D269 /* Base */ = {isa = PBXFileReference; lastKnownFileType = file.storyboard; name = Base; path = Base.lproj/LaunchScreen.storyboard; sourceTree = "<group>"; };
		142C6FDE1DF205F100C5D269 /* Info.plist */ = {isa = PBXFileReference; lastKnownFileType = text.plist.xml; path = Info.plist; sourceTree = "<group>"; };
		143C84E01DF20DF8004285E2 /* RaceDetailViewController.swift */ = {isa = PBXFileReference; fileEncoding = 4; lastKnownFileType = sourcecode.swift; path = RaceDetailViewController.swift; sourceTree = "<group>"; };
		143C84E21DF22CD2004285E2 /* RacerProfileViewController.swift */ = {isa = PBXFileReference; fileEncoding = 4; lastKnownFileType = sourcecode.swift; path = RacerProfileViewController.swift; sourceTree = "<group>"; };
		143C84E41DF230DE004285E2 /* NetworkController.swift */ = {isa = PBXFileReference; fileEncoding = 4; lastKnownFileType = sourcecode.swift; path = NetworkController.swift; sourceTree = "<group>"; };
		143C84EB1DF23359004285E2 /* Racer.swift */ = {isa = PBXFileReference; fileEncoding = 4; lastKnownFileType = sourcecode.swift; path = Racer.swift; sourceTree = "<group>"; };
		143C84EF1DF2338C004285E2 /* Race.swift */ = {isa = PBXFileReference; fileEncoding = 4; lastKnownFileType = sourcecode.swift; path = Race.swift; sourceTree = "<group>"; };
/* End PBXFileReference section */

/* Begin PBXFrameworksBuildPhase section */
		142C6FCC1DF205F100C5D269 /* Frameworks */ = {
			isa = PBXFrameworksBuildPhase;
			buildActionMask = 2147483647;
			files = (
			);
			runOnlyForDeploymentPostprocessing = 0;
		};
/* End PBXFrameworksBuildPhase section */

/* Begin PBXGroup section */
		142C6FC61DF205F100C5D269 = {
			isa = PBXGroup;
			children = (
				142C6FD11DF205F100C5D269 /* RRP Race Queue */,
				142C6FD01DF205F100C5D269 /* Products */,
			);
			sourceTree = "<group>";
		};
		142C6FD01DF205F100C5D269 /* Products */ = {
			isa = PBXGroup;
			children = (
				142C6FCF1DF205F100C5D269 /* RRP Race Queue.app */,
			);
			name = Products;
			sourceTree = "<group>";
		};
		142C6FD11DF205F100C5D269 /* RRP Race Queue */ = {
			isa = PBXGroup;
			children = (
				142C6FD21DF205F100C5D269 /* AppDelegate.swift */,
				143C84E81DF23248004285E2 /* ViewControllers */,
				143C84E71DF23245004285E2 /* Controllers */,
				143C84E61DF23243004285E2 /* Model Objects */,
				142C6FD61DF205F100C5D269 /* Main.storyboard */,
				142C6FDB1DF205F100C5D269 /* LaunchScreen.storyboard */,
				142C6FD91DF205F100C5D269 /* Assets.xcassets */,
				142C6FDE1DF205F100C5D269 /* Info.plist */,
			);
			path = "RRP Race Queue";
			sourceTree = "<group>";
		};
		143C84E61DF23243004285E2 /* Model Objects */ = {
			isa = PBXGroup;
			children = (
				143C84EB1DF23359004285E2 /* Racer.swift */,
				143C84EF1DF2338C004285E2 /* Race.swift */,
			);
			name = "Model Objects";
			sourceTree = "<group>";
		};
		143C84E71DF23245004285E2 /* Controllers */ = {
			isa = PBXGroup;
			children = (
				143C84E41DF230DE004285E2 /* NetworkController.swift */,
			);
			name = Controllers;
			sourceTree = "<group>";
		};
		143C84E81DF23248004285E2 /* ViewControllers */ = {
			isa = PBXGroup;
			children = (
				142C6FD41DF205F100C5D269 /* RaceQueueViewController.swift */,
				143C84E01DF20DF8004285E2 /* RaceDetailViewController.swift */,
				143C84E21DF22CD2004285E2 /* RacerProfileViewController.swift */,
			);
			name = ViewControllers;
			sourceTree = "<group>";
		};
/* End PBXGroup section */

/* Begin PBXNativeTarget section */
		142C6FCE1DF205F100C5D269 /* RRP Race Queue */ = {
			isa = PBXNativeTarget;
			buildConfigurationList = 142C6FE11DF205F100C5D269 /* Build configuration list for PBXNativeTarget "RRP Race Queue" */;
			buildPhases = (
				142C6FCB1DF205F100C5D269 /* Sources */,
				142C6FCC1DF205F100C5D269 /* Frameworks */,
				142C6FCD1DF205F100C5D269 /* Resources */,
			);
			buildRules = (
			);
			dependencies = (
			);
			name = "RRP Race Queue";
			productName = "RRP Race Queue";
			productReference = 142C6FCF1DF205F100C5D269 /* RRP Race Queue.app */;
			productType = "com.apple.product-type.application";
		};
/* End PBXNativeTarget section */

/* Begin PBXProject section */
		142C6FC71DF205F100C5D269 /* Project object */ = {
			isa = PBXProject;
			attributes = {
				LastSwiftUpdateCheck = 0810;
				LastUpgradeCheck = 0810;
				ORGANIZATIONNAME = "Zack Spicer";
				TargetAttributes = {
					142C6FCE1DF205F100C5D269 = {
						CreatedOnToolsVersion = 8.1;
						DevelopmentTeam = BWM5EXN4LQ;
						ProvisioningStyle = Automatic;
					};
				};
			};
			buildConfigurationList = 142C6FCA1DF205F100C5D269 /* Build configuration list for PBXProject "RRP Race Queue" */;
			compatibilityVersion = "Xcode 3.2";
			developmentRegion = English;
			hasScannedForEncodings = 0;
			knownRegions = (
				en,
				Base,
			);
			mainGroup = 142C6FC61DF205F100C5D269;
			productRefGroup = 142C6FD01DF205F100C5D269 /* Products */;
			projectDirPath = "";
			projectRoot = "";
			targets = (
				142C6FCE1DF205F100C5D269 /* RRP Race Queue */,
			);
		};
/* End PBXProject section */

/* Begin PBXResourcesBuildPhase section */
		142C6FCD1DF205F100C5D269 /* Resources */ = {
			isa = PBXResourcesBuildPhase;
			buildActionMask = 2147483647;
			files = (
				142C6FDD1DF205F100C5D269 /* LaunchScreen.storyboard in Resources */,
				142C6FDA1DF205F100C5D269 /* Assets.xcassets in Resources */,
				142C6FD81DF205F100C5D269 /* Main.storyboard in Resources */,
			);
			runOnlyForDeploymentPostprocessing = 0;
		};
/* End PBXResourcesBuildPhase section */

/* Begin PBXSourcesBuildPhase section */
		142C6FCB1DF205F100C5D269 /* Sources */ = {
			isa = PBXSourcesBuildPhase;
			buildActionMask = 2147483647;
			files = (
				143C84E51DF230DE004285E2 /* NetworkController.swift in Sources */,
				143C84F01DF2338C004285E2 /* Race.swift in Sources */,
				143C84E11DF20DF8004285E2 /* RaceDetailViewController.swift in Sources */,
				143C84E31DF22CD2004285E2 /* RacerProfileViewController.swift in Sources */,
				142C6FD51DF205F100C5D269 /* RaceQueueViewController.swift in Sources */,
				142C6FD31DF205F100C5D269 /* AppDelegate.swift in Sources */,
				143C84EC1DF23359004285E2 /* Racer.swift in Sources */,
			);
			runOnlyForDeploymentPostprocessing = 0;
		};
/* End PBXSourcesBuildPhase section */

/* Begin PBXVariantGroup section */
		142C6FD61DF205F100C5D269 /* Main.storyboard */ = {
			isa = PBXVariantGroup;
			children = (
				142C6FD71DF205F100C5D269 /* Base */,
			);
			name = Main.storyboard;
			sourceTree = "<group>";
		};
		142C6FDB1DF205F100C5D269 /* LaunchScreen.storyboard */ = {
			isa = PBXVariantGroup;
			children = (
				142C6FDC1DF205F100C5D269 /* Base */,
			);
			name = LaunchScreen.storyboard;
			sourceTree = "<group>";
		};
/* End PBXVariantGroup section */

/* Begin XCBuildConfiguration section */
		142C6FDF1DF205F100C5D269 /* Debug */ = {
			isa = XCBuildConfiguration;
			buildSettings = {
				ALWAYS_SEARCH_USER_PATHS = NO;
				CLANG_ANALYZER_NONNULL = YES;
				CLANG_CXX_LANGUAGE_STANDARD = "gnu++0x";
				CLANG_CXX_LIBRARY = "libc++";
				CLANG_ENABLE_MODULES = YES;
				CLANG_ENABLE_OBJC_ARC = YES;
				CLANG_WARN_BOOL_CONVERSION = YES;
				CLANG_WARN_CONSTANT_CONVERSION = YES;
				CLANG_WARN_DIRECT_OBJC_ISA_USAGE = YES_ERROR;
				CLANG_WARN_DOCUMENTATION_COMMENTS = YES;
				CLANG_WARN_EMPTY_BODY = YES;
				CLANG_WARN_ENUM_CONVERSION = YES;
				CLANG_WARN_INFINITE_RECURSION = YES;
				CLANG_WARN_INT_CONVERSION = YES;
				CLANG_WARN_OBJC_ROOT_CLASS = YES_ERROR;
				CLANG_WARN_SUSPICIOUS_MOVES = YES;
				CLANG_WARN_UNREACHABLE_CODE = YES;
				CLANG_WARN__DUPLICATE_METHOD_MATCH = YES;
				"CODE_SIGN_IDENTITY[sdk=iphoneos*]" = "iPhone Developer";
				COPY_PHASE_STRIP = NO;
				DEBUG_INFORMATION_FORMAT = dwarf;
				ENABLE_STRICT_OBJC_MSGSEND = YES;
				ENABLE_TESTABILITY = YES;
				GCC_C_LANGUAGE_STANDARD = gnu99;
				GCC_DYNAMIC_NO_PIC = NO;
				GCC_NO_COMMON_BLOCKS = YES;
				GCC_OPTIMIZATION_LEVEL = 0;
				GCC_PREPROCESSOR_DEFINITIONS = (
					"DEBUG=1",
					"$(inherited)",
				);
				GCC_WARN_64_TO_32_BIT_CONVERSION = YES;
				GCC_WARN_ABOUT_RETURN_TYPE = YES_ERROR;
				GCC_WARN_UNDECLARED_SELECTOR = YES;
				GCC_WARN_UNINITIALIZED_AUTOS = YES_AGGRESSIVE;
				GCC_WARN_UNUSED_FUNCTION = YES;
				GCC_WARN_UNUSED_VARIABLE = YES;
				IPHONEOS_DEPLOYMENT_TARGET = 10.1;
				MTL_ENABLE_DEBUG_INFO = YES;
				ONLY_ACTIVE_ARCH = YES;
				SDKROOT = iphoneos;
				SWIFT_ACTIVE_COMPILATION_CONDITIONS = DEBUG;
				SWIFT_OPTIMIZATION_LEVEL = "-Onone";
				TARGETED_DEVICE_FAMILY = "1,2";
			};
			name = Debug;
		};
		142C6FE01DF205F100C5D269 /* Release */ = {
			isa = XCBuildConfiguration;
			buildSettings = {
				ALWAYS_SEARCH_USER_PATHS = NO;
				CLANG_ANALYZER_NONNULL = YES;
				CLANG_CXX_LANGUAGE_STANDARD = "gnu++0x";
				CLANG_CXX_LIBRARY = "libc++";
				CLANG_ENABLE_MODULES = YES;
				CLANG_ENABLE_OBJC_ARC = YES;
				CLANG_WARN_BOOL_CONVERSION = YES;
				CLANG_WARN_CONSTANT_CONVERSION = YES;
				CLANG_WARN_DIRECT_OBJC_ISA_USAGE = YES_ERROR;
				CLANG_WARN_DOCUMENTATION_COMMENTS = YES;
				CLANG_WARN_EMPTY_BODY = YES;
				CLANG_WARN_ENUM_CONVERSION = YES;
				CLANG_WARN_INFINITE_RECURSION = YES;
				CLANG_WARN_INT_CONVERSION = YES;
				CLANG_WARN_OBJC_ROOT_CLASS = YES_ERROR;
				CLANG_WARN_SUSPICIOUS_MOVES = YES;
				CLANG_WARN_UNREACHABLE_CODE = YES;
				CLANG_WARN__DUPLICATE_METHOD_MATCH = YES;
				"CODE_SIGN_IDENTITY[sdk=iphoneos*]" = "iPhone Developer";
				COPY_PHASE_STRIP = NO;
				DEBUG_INFORMATION_FORMAT = "dwarf-with-dsym";
				ENABLE_NS_ASSERTIONS = NO;
				ENABLE_STRICT_OBJC_MSGSEND = YES;
				GCC_C_LANGUAGE_STANDARD = gnu99;
				GCC_NO_COMMON_BLOCKS = YES;
				GCC_WARN_64_TO_32_BIT_CONVERSION = YES;
				GCC_WARN_ABOUT_RETURN_TYPE = YES_ERROR;
				GCC_WARN_UNDECLARED_SELECTOR = YES;
				GCC_WARN_UNINITIALIZED_AUTOS = YES_AGGRESSIVE;
				GCC_WARN_UNUSED_FUNCTION = YES;
				GCC_WARN_UNUSED_VARIABLE = YES;
				IPHONEOS_DEPLOYMENT_TARGET = 10.1;
				MTL_ENABLE_DEBUG_INFO = NO;
				SDKROOT = iphoneos;
				SWIFT_OPTIMIZATION_LEVEL = "-Owholemodule";
				TARGETED_DEVICE_FAMILY = "1,2";
				VALIDATE_PRODUCT = YES;
			};
			name = Release;
		};
		142C6FE21DF205F100C5D269 /* Debug */ = {
			isa = XCBuildConfiguration;
			buildSettings = {
				ASSETCATALOG_COMPILER_APPICON_NAME = AppIcon;
				DEVELOPMENT_TEAM = BWM5EXN4LQ;
				INFOPLIST_FILE = "RRP Race Queue/Info.plist";
				IPHONEOS_DEPLOYMENT_TARGET = 10.1;
				LD_RUNPATH_SEARCH_PATHS = "$(inherited) @executable_path/Frameworks";
				PRODUCT_BUNDLE_IDENTIFIER = "io.racingtech.RRP-Race-Queue";
				PRODUCT_NAME = "$(TARGET_NAME)";
				SWIFT_VERSION = 3.0;
				TARGETED_DEVICE_FAMILY = "1,2";
			};
			name = Debug;
		};
		142C6FE31DF205F100C5D269 /* Release */ = {
			isa = XCBuildConfiguration;
			buildSettings = {
				ASSETCATALOG_COMPILER_APPICON_NAME = AppIcon;
				DEVELOPMENT_TEAM = BWM5EXN4LQ;
				INFOPLIST_FILE = "RRP Race Queue/Info.plist";
				IPHONEOS_DEPLOYMENT_TARGET = 10.1;
				LD_RUNPATH_SEARCH_PATHS = "$(inherited) @executable_path/Frameworks";
				PRODUCT_BUNDLE_IDENTIFIER = "io.racingtech.RRP-Race-Queue";
				PRODUCT_NAME = "$(TARGET_NAME)";
				SWIFT_VERSION = 3.0;
				TARGETED_DEVICE_FAMILY = "1,2";
			};
			name = Release;
		};
/* End XCBuildConfiguration section */

/* Begin XCConfigurationList section */
		142C6FCA1DF205F100C5D269 /* Build configuration list for PBXProject "RRP Race Queue" */ = {
			isa = XCConfigurationList;
			buildConfigurations = (
				142C6FDF1DF205F100C5D269 /* Debug */,
				142C6FE01DF205F100C5D269 /* Release */,
			);
			defaultConfigurationIsVisible = 0;
			defaultConfigurationName = Release;
		};
		142C6FE11DF205F100C5D269 /* Build configuration list for PBXNativeTarget "RRP Race Queue" */ = {
			isa = XCConfigurationList;
			buildConfigurations = (
				142C6FE21DF205F100C5D269 /* Debug */,
				142C6FE31DF205F100C5D269 /* Release */,
			);
			defaultConfigurationIsVisible = 0;
			defaultConfigurationName = Release;
		};
/* End XCConfigurationList section */
	};
	rootObject = 142C6FC71DF205F100C5D269 /* Project object */;
}
